<?xml version="1.0" encoding="utf-8"?>
<Project ToolsVersion="17.0" xmlns="http://schemas.microsoft.com/developer/msbuild/2003">
  <ItemGroup>
    <CustomBuild Include="D:\Code\fplot\build-tests\CMakeFiles\a481c9fbf66c49da0157fbd2c59f057e\INSTALL_force.rule">
      <Filter>CMake Rules</Filter>
    </CustomBuild>
  </ItemGroup>
  <ItemGroup>
    <Filter Include="CMake Rules">
      <UniqueIdentifier>{8DD5B098-293A-3D0B-901B-85F2954C26B0}</UniqueIdentifier>
    </Filter>
  </ItemGroup>
</Project>
