
Microsoft Visual Studio Solution File, Format Version 12.00
# Visual Studio Version 17
Project("{8BC9CEB8-8B4A-11D0-8D11-00A0C91BC942}") = "ALL_BUILD", "ALL_BUILD.vcxproj", "{E1C83367-C826-3DD9-955C-A530511F6947}"
	ProjectSection(ProjectDependencies) = postProject
		{13A31B72-513A-3360-8AB7-B875DC3C1CC6} = {13A31B72-513A-3360-8AB7-B875DC3C1CC6}
		{2B800E51-2C69-3BED-B7CD-21EFE78C92A7} = {2B800E51-2C69-3BED-B7CD-21EFE78C92A7}
		{BB5C017F-0557-34BB-88C6-6D1E0A136338} = {BB5C017F-0557-34BB-88C6-6D1E0A136338}
		{8BFA9149-8A5D-32AE-A6A7-49ADF852E58F} = {8BFA9149-8A5D-32AE-A6A7-49ADF852E58F}
		{DC34ED4D-EAC4-37C2-8AA6-790C3A462342} = {DC34ED4D-EAC4-37C2-8AA6-790C3A462342}
		{7ACA9D75-3AE2-3424-A40E-11C32A8CA930} = {7ACA9D75-3AE2-3424-A40E-11C32A8CA930}
		{E230180E-78F4-3C4B-ACF5-EAC9533C2CA4} = {E230180E-78F4-3C4B-ACF5-EAC9533C2CA4}
		{CC44CB74-F5AC-363C-BE9B-B553A831D8BB} = {CC44CB74-F5AC-363C-BE9B-B553A831D8BB}
		{47C8C683-A20D-35AB-9108-A5B15F361406} = {47C8C683-A20D-35AB-9108-A5B15F361406}
		{BB918C03-C7E3-37C2-AD74-7EF7704F70BD} = {BB918C03-C7E3-37C2-AD74-7EF7704F70BD}
		{829787C4-C162-3A7E-B93E-303BFB633AAB} = {829787C4-C162-3A7E-B93E-303BFB633AAB}
		{3F0AC000-5B95-32CB-925A-ED53AB8C1ECB} = {3F0AC000-5B95-32CB-925A-ED53AB8C1ECB}
		{578CCEE4-EAB8-3DF7-920D-57150CB66ACA} = {578CCEE4-EAB8-3DF7-920D-57150CB66ACA}
		{6F498CF6-9910-3931-9C87-664CB718C0EA} = {6F498CF6-9910-3931-9C87-664CB718C0EA}
		{84213D1A-5546-3854-AEA1-331F4FA80785} = {84213D1A-5546-3854-AEA1-331F4FA80785}
		{C357D8AE-737E-3205-BC94-FE755AD83803} = {C357D8AE-737E-3205-BC94-FE755AD83803}
		{EAD6C48D-8966-369D-B2F6-560207A3C9EA} = {EAD6C48D-8966-369D-B2F6-560207A3C9EA}
		{97580E0A-8741-334A-869B-066EAFD7AD5E} = {97580E0A-8741-334A-869B-066EAFD7AD5E}
		{8C90A83B-A779-300D-B741-87B6A3972696} = {8C90A83B-A779-300D-B741-87B6A3972696}
		{46A97447-59EC-3F60-8255-46CD34F8157D} = {46A97447-59EC-3F60-8255-46CD34F8157D}
		{C01846BE-E934-3A78-84ED-4FE1ECD95760} = {C01846BE-E934-3A78-84ED-4FE1ECD95760}
		{553F08CF-D96A-3E35-82A8-908D4E0BAC7F} = {553F08CF-D96A-3E35-82A8-908D4E0BAC7F}
		{91BAF937-D692-3D1D-9A16-0988A0331BF0} = {91BAF937-D692-3D1D-9A16-0988A0331BF0}
		{1BC14E35-B889-3868-9C8C-8C3A417A1522} = {1BC14E35-B889-3868-9C8C-8C3A417A1522}
		{B7BBD15B-4BA4-367D-8446-D93F8C23234C} = {B7BBD15B-4BA4-367D-8446-D93F8C23234C}
		{6DA0BAF2-1752-3F5F-97F6-D1AACBCCF826} = {6DA0BAF2-1752-3F5F-97F6-D1AACBCCF826}
		{0DFAAD6A-B0C6-38CD-A87E-BBADEBE4C4BC} = {0DFAAD6A-B0C6-38CD-A87E-BBADEBE4C4BC}
		{67CB7B28-663D-31CE-B278-91301A75B4FD} = {67CB7B28-663D-31CE-B278-91301A75B4FD}
		{36BA25C3-21F5-3B72-AB7D-7E68F923BCFA} = {36BA25C3-21F5-3B72-AB7D-7E68F923BCFA}
		{9EA0980D-853E-3333-BDC2-9352BB1D4EEB} = {9EA0980D-853E-3333-BDC2-9352BB1D4EEB}
		{5984EE68-164B-3991-974D-4651262880E3} = {5984EE68-164B-3991-974D-4651262880E3}
		{F101C2D4-846D-333C-9459-E01BA3CDD8E1} = {F101C2D4-846D-333C-9459-E01BA3CDD8E1}
		{0609AC37-A824-3818-A6B1-B46ACFDBC307} = {0609AC37-A824-3818-A6B1-B46ACFDBC307}
		{31235370-62B2-3CD0-8AA5-2EA5E0C6AF9F} = {31235370-62B2-3CD0-8AA5-2EA5E0C6AF9F}
		{635D4471-3C10-3AFC-A014-8C1C6728D65B} = {635D4471-3C10-3AFC-A014-8C1C6728D65B}
		{3DCB9117-D522-3F47-A89D-3563B84BC25A} = {3DCB9117-D522-3F47-A89D-3563B84BC25A}
		{F9AE002C-1233-3635-9090-28202F3DDCC3} = {F9AE002C-1233-3635-9090-28202F3DDCC3}
		{4CA9C728-C92E-3AB7-9C5B-E7003A2353B1} = {4CA9C728-C92E-3AB7-9C5B-E7003A2353B1}
		{26761E3B-1C31-3A41-A903-D1CD50829C36} = {26761E3B-1C31-3A41-A903-D1CD50829C36}
	EndProjectSection
EndProject
Project("{8BC9CEB8-8B4A-11D0-8D11-00A0C91BC942}") = "Continuous", "_deps\collections-build\Continuous.vcxproj", "{13B477E4-502B-3429-A97B-29ED6201FCB4}"
	ProjectSection(ProjectDependencies) = postProject
		{13A31B72-513A-3360-8AB7-B875DC3C1CC6} = {13A31B72-513A-3360-8AB7-B875DC3C1CC6}
	EndProjectSection
EndProject
Project("{8BC9CEB8-8B4A-11D0-8D11-00A0C91BC942}") = "Experimental", "_deps\collections-build\Experimental.vcxproj", "{CE3D4D43-9F25-3B94-8757-901B60A4022B}"
	ProjectSection(ProjectDependencies) = postProject
		{13A31B72-513A-3360-8AB7-B875DC3C1CC6} = {13A31B72-513A-3360-8AB7-B875DC3C1CC6}
	EndProjectSection
EndProject
Project("{8BC9CEB8-8B4A-11D0-8D11-00A0C91BC942}") = "INSTALL", "INSTALL.vcxproj", "{9EBD0A1B-3883-3E0D-8DE4-E59919BF544C}"
	ProjectSection(ProjectDependencies) = postProject
		{E1C83367-C826-3DD9-955C-A530511F6947} = {E1C83367-C826-3DD9-955C-A530511F6947}
		{13A31B72-513A-3360-8AB7-B875DC3C1CC6} = {13A31B72-513A-3360-8AB7-B875DC3C1CC6}
	EndProjectSection
EndProject
Project("{8BC9CEB8-8B4A-11D0-8D11-00A0C91BC942}") = "Nightly", "_deps\collections-build\Nightly.vcxproj", "{75D153D2-6EFA-3EE7-B86D-54A07B9E29BE}"
	ProjectSection(ProjectDependencies) = postProject
		{13A31B72-513A-3360-8AB7-B875DC3C1CC6} = {13A31B72-513A-3360-8AB7-B875DC3C1CC6}
	EndProjectSection
EndProject
Project("{8BC9CEB8-8B4A-11D0-8D11-00A0C91BC942}") = "NightlyMemoryCheck", "_deps\collections-build\NightlyMemoryCheck.vcxproj", "{F685E426-DDFB-3916-BEEB-251EE986D1BD}"
	ProjectSection(ProjectDependencies) = postProject
		{13A31B72-513A-3360-8AB7-B875DC3C1CC6} = {13A31B72-513A-3360-8AB7-B875DC3C1CC6}
	EndProjectSection
EndProject
Project("{8BC9CEB8-8B4A-11D0-8D11-00A0C91BC942}") = "RUN_TESTS", "RUN_TESTS.vcxproj", "{B927D293-B344-34DD-B2F5-17FECCB1AD67}"
	ProjectSection(ProjectDependencies) = postProject
		{13A31B72-513A-3360-8AB7-B875DC3C1CC6} = {13A31B72-513A-3360-8AB7-B875DC3C1CC6}
	EndProjectSection
EndProject
Project("{8BC9CEB8-8B4A-11D0-8D11-00A0C91BC942}") = "ZERO_CHECK", "ZERO_CHECK.vcxproj", "{13A31B72-513A-3360-8AB7-B875DC3C1CC6}"
	ProjectSection(ProjectDependencies) = postProject
	EndProjectSection
EndProject
Project("{6989167D-11E4-40FE-8C1A-2192A86A7E90}") = "check", "_deps\forcolormap-build\test\check.vfproj", "{2B800E51-2C69-3BED-B7CD-21EFE78C92A7}"
	ProjectSection(ProjectDependencies) = postProject
		{13A31B72-513A-3360-8AB7-B875DC3C1CC6} = {13A31B72-513A-3360-8AB7-B875DC3C1CC6}
		{DC34ED4D-EAC4-37C2-8AA6-790C3A462342} = {DC34ED4D-EAC4-37C2-8AA6-790C3A462342}
		{7ACA9D75-3AE2-3424-A40E-11C32A8CA930} = {7ACA9D75-3AE2-3424-A40E-11C32A8CA930}
	EndProjectSection
EndProject
Project("{6989167D-11E4-40FE-8C1A-2192A86A7E90}") = "collections", "_deps\collections-build\src\collections.vfproj", "{BB5C017F-0557-34BB-88C6-6D1E0A136338}"
	ProjectSection(ProjectDependencies) = postProject
		{13A31B72-513A-3360-8AB7-B875DC3C1CC6} = {13A31B72-513A-3360-8AB7-B875DC3C1CC6}
	EndProjectSection
EndProject
Project("{6989167D-11E4-40FE-8C1A-2192A86A7E90}") = "collections_test", "_deps\collections-build\test\collections_test.vfproj", "{8BFA9149-8A5D-32AE-A6A7-49ADF852E58F}"
	ProjectSection(ProjectDependencies) = postProject
		{13A31B72-513A-3360-8AB7-B875DC3C1CC6} = {13A31B72-513A-3360-8AB7-B875DC3C1CC6}
		{BB5C017F-0557-34BB-88C6-6D1E0A136338} = {BB5C017F-0557-34BB-88C6-6D1E0A136338}
	EndProjectSection
EndProject
Project("{6989167D-11E4-40FE-8C1A-2192A86A7E90}") = "forcolormap", "_deps\forcolormap-build\forcolormap.vfproj", "{DC34ED4D-EAC4-37C2-8AA6-790C3A462342}"
	ProjectSection(ProjectDependencies) = postProject
		{13A31B72-513A-3360-8AB7-B875DC3C1CC6} = {13A31B72-513A-3360-8AB7-B875DC3C1CC6}
		{7ACA9D75-3AE2-3424-A40E-11C32A8CA930} = {7ACA9D75-3AE2-3424-A40E-11C32A8CA930}
	EndProjectSection
EndProject
Project("{6989167D-11E4-40FE-8C1A-2192A86A7E90}") = "forimage", "_deps\forimage-build\forimage.vfproj", "{7ACA9D75-3AE2-3424-A40E-11C32A8CA930}"
	ProjectSection(ProjectDependencies) = postProject
		{13A31B72-513A-3360-8AB7-B875DC3C1CC6} = {13A31B72-513A-3360-8AB7-B875DC3C1CC6}
	EndProjectSection
EndProject
Project("{6989167D-11E4-40FE-8C1A-2192A86A7E90}") = "fortran_test_helper", "_deps\fortran_test_helper-build\src\fortran_test_helper.vfproj", "{E230180E-78F4-3C4B-ACF5-EAC9533C2CA4}"
	ProjectSection(ProjectDependencies) = postProject
		{13A31B72-513A-3360-8AB7-B875DC3C1CC6} = {13A31B72-513A-3360-8AB7-B875DC3C1CC6}
	EndProjectSection
EndProject
Project("{6989167D-11E4-40FE-8C1A-2192A86A7E90}") = "fplot", "src\fplot.vfproj", "{CC44CB74-F5AC-363C-BE9B-B553A831D8BB}"
	ProjectSection(ProjectDependencies) = postProject
		{13A31B72-513A-3360-8AB7-B875DC3C1CC6} = {13A31B72-513A-3360-8AB7-B875DC3C1CC6}
		{BB5C017F-0557-34BB-88C6-6D1E0A136338} = {BB5C017F-0557-34BB-88C6-6D1E0A136338}
		{DC34ED4D-EAC4-37C2-8AA6-790C3A462342} = {DC34ED4D-EAC4-37C2-8AA6-790C3A462342}
		{7ACA9D75-3AE2-3424-A40E-11C32A8CA930} = {7ACA9D75-3AE2-3424-A40E-11C32A8CA930}
	EndProjectSection
EndProject
Project("{6989167D-11E4-40FE-8C1A-2192A86A7E90}") = "fplot_test", "test\fplot_test.vfproj", "{47C8C683-A20D-35AB-9108-A5B15F361406}"
	ProjectSection(ProjectDependencies) = postProject
		{13A31B72-513A-3360-8AB7-B875DC3C1CC6} = {13A31B72-513A-3360-8AB7-B875DC3C1CC6}
		{BB5C017F-0557-34BB-88C6-6D1E0A136338} = {BB5C017F-0557-34BB-88C6-6D1E0A136338}
		{DC34ED4D-EAC4-37C2-8AA6-790C3A462342} = {DC34ED4D-EAC4-37C2-8AA6-790C3A462342}
		{7ACA9D75-3AE2-3424-A40E-11C32A8CA930} = {7ACA9D75-3AE2-3424-A40E-11C32A8CA930}
		{E230180E-78F4-3C4B-ACF5-EAC9533C2CA4} = {E230180E-78F4-3C4B-ACF5-EAC9533C2CA4}
		{CC44CB74-F5AC-363C-BE9B-B553A831D8BB} = {CC44CB74-F5AC-363C-BE9B-B553A831D8BB}
	EndProjectSection
EndProject
Project("{6989167D-11E4-40FE-8C1A-2192A86A7E90}") = "fth_test", "_deps\fortran_test_helper-build\test\fth_test.vfproj", "{BB918C03-C7E3-37C2-AD74-7EF7704F70BD}"
	ProjectSection(ProjectDependencies) = postProject
		{13A31B72-513A-3360-8AB7-B875DC3C1CC6} = {13A31B72-513A-3360-8AB7-B875DC3C1CC6}
		{E230180E-78F4-3C4B-ACF5-EAC9533C2CA4} = {E230180E-78F4-3C4B-ACF5-EAC9533C2CA4}
	EndProjectSection
EndProject
Project("{6989167D-11E4-40FE-8C1A-2192A86A7E90}") = "test1", "_deps\forimage-build\test\test1.vfproj", "{829787C4-C162-3A7E-B93E-303BFB633AAB}"
	ProjectSection(ProjectDependencies) = postProject
		{13A31B72-513A-3360-8AB7-B875DC3C1CC6} = {13A31B72-513A-3360-8AB7-B875DC3C1CC6}
		{7ACA9D75-3AE2-3424-A40E-11C32A8CA930} = {7ACA9D75-3AE2-3424-A40E-11C32A8CA930}
	EndProjectSection
EndProject
Project("{6989167D-11E4-40FE-8C1A-2192A86A7E90}") = "test10", "_deps\forimage-build\test\test10.vfproj", "{3F0AC000-5B95-32CB-925A-ED53AB8C1ECB}"
	ProjectSection(ProjectDependencies) = postProject
		{13A31B72-513A-3360-8AB7-B875DC3C1CC6} = {13A31B72-513A-3360-8AB7-B875DC3C1CC6}
		{7ACA9D75-3AE2-3424-A40E-11C32A8CA930} = {7ACA9D75-3AE2-3424-A40E-11C32A8CA930}
	EndProjectSection
EndProject
Project("{6989167D-11E4-40FE-8C1A-2192A86A7E90}") = "test11", "_deps\forimage-build\test\test11.vfproj", "{578CCEE4-EAB8-3DF7-920D-57150CB66ACA}"
	ProjectSection(ProjectDependencies) = postProject
		{13A31B72-513A-3360-8AB7-B875DC3C1CC6} = {13A31B72-513A-3360-8AB7-B875DC3C1CC6}
		{7ACA9D75-3AE2-3424-A40E-11C32A8CA930} = {7ACA9D75-3AE2-3424-A40E-11C32A8CA930}
	EndProjectSection
EndProject
Project("{6989167D-11E4-40FE-8C1A-2192A86A7E90}") = "test12", "_deps\forimage-build\test\test12.vfproj", "{6F498CF6-9910-3931-9C87-664CB718C0EA}"
	ProjectSection(ProjectDependencies) = postProject
		{13A31B72-513A-3360-8AB7-B875DC3C1CC6} = {13A31B72-513A-3360-8AB7-B875DC3C1CC6}
		{7ACA9D75-3AE2-3424-A40E-11C32A8CA930} = {7ACA9D75-3AE2-3424-A40E-11C32A8CA930}
	EndProjectSection
EndProject
Project("{6989167D-11E4-40FE-8C1A-2192A86A7E90}") = "test13", "_deps\forimage-build\test\test13.vfproj", "{84213D1A-5546-3854-AEA1-331F4FA80785}"
	ProjectSection(ProjectDependencies) = postProject
		{13A31B72-513A-3360-8AB7-B875DC3C1CC6} = {13A31B72-513A-3360-8AB7-B875DC3C1CC6}
		{7ACA9D75-3AE2-3424-A40E-11C32A8CA930} = {7ACA9D75-3AE2-3424-A40E-11C32A8CA930}
	EndProjectSection
EndProject
Project("{6989167D-11E4-40FE-8C1A-2192A86A7E90}") = "test14", "_deps\forimage-build\test\test14.vfproj", "{C357D8AE-737E-3205-BC94-FE755AD83803}"
	ProjectSection(ProjectDependencies) = postProject
		{13A31B72-513A-3360-8AB7-B875DC3C1CC6} = {13A31B72-513A-3360-8AB7-B875DC3C1CC6}
		{7ACA9D75-3AE2-3424-A40E-11C32A8CA930} = {7ACA9D75-3AE2-3424-A40E-11C32A8CA930}
	EndProjectSection
EndProject
Project("{6989167D-11E4-40FE-8C1A-2192A86A7E90}") = "test15", "_deps\forimage-build\test\test15.vfproj", "{EAD6C48D-8966-369D-B2F6-560207A3C9EA}"
	ProjectSection(ProjectDependencies) = postProject
		{13A31B72-513A-3360-8AB7-B875DC3C1CC6} = {13A31B72-513A-3360-8AB7-B875DC3C1CC6}
		{7ACA9D75-3AE2-3424-A40E-11C32A8CA930} = {7ACA9D75-3AE2-3424-A40E-11C32A8CA930}
	EndProjectSection
EndProject
Project("{6989167D-11E4-40FE-8C1A-2192A86A7E90}") = "test16", "_deps\forimage-build\test\test16.vfproj", "{97580E0A-8741-334A-869B-066EAFD7AD5E}"
	ProjectSection(ProjectDependencies) = postProject
		{13A31B72-513A-3360-8AB7-B875DC3C1CC6} = {13A31B72-513A-3360-8AB7-B875DC3C1CC6}
		{7ACA9D75-3AE2-3424-A40E-11C32A8CA930} = {7ACA9D75-3AE2-3424-A40E-11C32A8CA930}
	EndProjectSection
EndProject
Project("{6989167D-11E4-40FE-8C1A-2192A86A7E90}") = "test17", "_deps\forimage-build\test\test17.vfproj", "{8C90A83B-A779-300D-B741-87B6A3972696}"
	ProjectSection(ProjectDependencies) = postProject
		{13A31B72-513A-3360-8AB7-B875DC3C1CC6} = {13A31B72-513A-3360-8AB7-B875DC3C1CC6}
		{7ACA9D75-3AE2-3424-A40E-11C32A8CA930} = {7ACA9D75-3AE2-3424-A40E-11C32A8CA930}
	EndProjectSection
EndProject
Project("{6989167D-11E4-40FE-8C1A-2192A86A7E90}") = "test18", "_deps\forimage-build\test\test18.vfproj", "{46A97447-59EC-3F60-8255-46CD34F8157D}"
	ProjectSection(ProjectDependencies) = postProject
		{13A31B72-513A-3360-8AB7-B875DC3C1CC6} = {13A31B72-513A-3360-8AB7-B875DC3C1CC6}
		{7ACA9D75-3AE2-3424-A40E-11C32A8CA930} = {7ACA9D75-3AE2-3424-A40E-11C32A8CA930}
	EndProjectSection
EndProject
Project("{6989167D-11E4-40FE-8C1A-2192A86A7E90}") = "test19", "_deps\forimage-build\test\test19.vfproj", "{C01846BE-E934-3A78-84ED-4FE1ECD95760}"
	ProjectSection(ProjectDependencies) = postProject
		{13A31B72-513A-3360-8AB7-B875DC3C1CC6} = {13A31B72-513A-3360-8AB7-B875DC3C1CC6}
		{7ACA9D75-3AE2-3424-A40E-11C32A8CA930} = {7ACA9D75-3AE2-3424-A40E-11C32A8CA930}
	EndProjectSection
EndProject
Project("{6989167D-11E4-40FE-8C1A-2192A86A7E90}") = "test2", "_deps\forimage-build\test\test2.vfproj", "{553F08CF-D96A-3E35-82A8-908D4E0BAC7F}"
	ProjectSection(ProjectDependencies) = postProject
		{13A31B72-513A-3360-8AB7-B875DC3C1CC6} = {13A31B72-513A-3360-8AB7-B875DC3C1CC6}
		{7ACA9D75-3AE2-3424-A40E-11C32A8CA930} = {7ACA9D75-3AE2-3424-A40E-11C32A8CA930}
	EndProjectSection
EndProject
Project("{6989167D-11E4-40FE-8C1A-2192A86A7E90}") = "test20", "_deps\forimage-build\test\test20.vfproj", "{91BAF937-D692-3D1D-9A16-0988A0331BF0}"
	ProjectSection(ProjectDependencies) = postProject
		{13A31B72-513A-3360-8AB7-B875DC3C1CC6} = {13A31B72-513A-3360-8AB7-B875DC3C1CC6}
		{7ACA9D75-3AE2-3424-A40E-11C32A8CA930} = {7ACA9D75-3AE2-3424-A40E-11C32A8CA930}
	EndProjectSection
EndProject
Project("{6989167D-11E4-40FE-8C1A-2192A86A7E90}") = "test21", "_deps\forimage-build\test\test21.vfproj", "{1BC14E35-B889-3868-9C8C-8C3A417A1522}"
	ProjectSection(ProjectDependencies) = postProject
		{13A31B72-513A-3360-8AB7-B875DC3C1CC6} = {13A31B72-513A-3360-8AB7-B875DC3C1CC6}
		{7ACA9D75-3AE2-3424-A40E-11C32A8CA930} = {7ACA9D75-3AE2-3424-A40E-11C32A8CA930}
	EndProjectSection
EndProject
Project("{6989167D-11E4-40FE-8C1A-2192A86A7E90}") = "test22", "_deps\forimage-build\test\test22.vfproj", "{B7BBD15B-4BA4-367D-8446-D93F8C23234C}"
	ProjectSection(ProjectDependencies) = postProject
		{13A31B72-513A-3360-8AB7-B875DC3C1CC6} = {13A31B72-513A-3360-8AB7-B875DC3C1CC6}
		{7ACA9D75-3AE2-3424-A40E-11C32A8CA930} = {7ACA9D75-3AE2-3424-A40E-11C32A8CA930}
	EndProjectSection
EndProject
Project("{6989167D-11E4-40FE-8C1A-2192A86A7E90}") = "test23", "_deps\forimage-build\test\test23.vfproj", "{6DA0BAF2-1752-3F5F-97F6-D1AACBCCF826}"
	ProjectSection(ProjectDependencies) = postProject
		{13A31B72-513A-3360-8AB7-B875DC3C1CC6} = {13A31B72-513A-3360-8AB7-B875DC3C1CC6}
		{7ACA9D75-3AE2-3424-A40E-11C32A8CA930} = {7ACA9D75-3AE2-3424-A40E-11C32A8CA930}
	EndProjectSection
EndProject
Project("{6989167D-11E4-40FE-8C1A-2192A86A7E90}") = "test24", "_deps\forimage-build\test\test24.vfproj", "{0DFAAD6A-B0C6-38CD-A87E-BBADEBE4C4BC}"
	ProjectSection(ProjectDependencies) = postProject
		{13A31B72-513A-3360-8AB7-B875DC3C1CC6} = {13A31B72-513A-3360-8AB7-B875DC3C1CC6}
		{7ACA9D75-3AE2-3424-A40E-11C32A8CA930} = {7ACA9D75-3AE2-3424-A40E-11C32A8CA930}
	EndProjectSection
EndProject
Project("{6989167D-11E4-40FE-8C1A-2192A86A7E90}") = "test25", "_deps\forimage-build\test\test25.vfproj", "{67CB7B28-663D-31CE-B278-91301A75B4FD}"
	ProjectSection(ProjectDependencies) = postProject
		{13A31B72-513A-3360-8AB7-B875DC3C1CC6} = {13A31B72-513A-3360-8AB7-B875DC3C1CC6}
		{7ACA9D75-3AE2-3424-A40E-11C32A8CA930} = {7ACA9D75-3AE2-3424-A40E-11C32A8CA930}
	EndProjectSection
EndProject
Project("{6989167D-11E4-40FE-8C1A-2192A86A7E90}") = "test26", "_deps\forimage-build\test\test26.vfproj", "{36BA25C3-21F5-3B72-AB7D-7E68F923BCFA}"
	ProjectSection(ProjectDependencies) = postProject
		{13A31B72-513A-3360-8AB7-B875DC3C1CC6} = {13A31B72-513A-3360-8AB7-B875DC3C1CC6}
		{7ACA9D75-3AE2-3424-A40E-11C32A8CA930} = {7ACA9D75-3AE2-3424-A40E-11C32A8CA930}
	EndProjectSection
EndProject
Project("{6989167D-11E4-40FE-8C1A-2192A86A7E90}") = "test27", "_deps\forimage-build\test\test27.vfproj", "{9EA0980D-853E-3333-BDC2-9352BB1D4EEB}"
	ProjectSection(ProjectDependencies) = postProject
		{13A31B72-513A-3360-8AB7-B875DC3C1CC6} = {13A31B72-513A-3360-8AB7-B875DC3C1CC6}
		{7ACA9D75-3AE2-3424-A40E-11C32A8CA930} = {7ACA9D75-3AE2-3424-A40E-11C32A8CA930}
	EndProjectSection
EndProject
Project("{6989167D-11E4-40FE-8C1A-2192A86A7E90}") = "test28", "_deps\forimage-build\test\test28.vfproj", "{5984EE68-164B-3991-974D-4651262880E3}"
	ProjectSection(ProjectDependencies) = postProject
		{13A31B72-513A-3360-8AB7-B875DC3C1CC6} = {13A31B72-513A-3360-8AB7-B875DC3C1CC6}
		{7ACA9D75-3AE2-3424-A40E-11C32A8CA930} = {7ACA9D75-3AE2-3424-A40E-11C32A8CA930}
	EndProjectSection
EndProject
Project("{6989167D-11E4-40FE-8C1A-2192A86A7E90}") = "test29", "_deps\forimage-build\test\test29.vfproj", "{F101C2D4-846D-333C-9459-E01BA3CDD8E1}"
	ProjectSection(ProjectDependencies) = postProject
		{13A31B72-513A-3360-8AB7-B875DC3C1CC6} = {13A31B72-513A-3360-8AB7-B875DC3C1CC6}
		{7ACA9D75-3AE2-3424-A40E-11C32A8CA930} = {7ACA9D75-3AE2-3424-A40E-11C32A8CA930}
	EndProjectSection
EndProject
Project("{6989167D-11E4-40FE-8C1A-2192A86A7E90}") = "test3", "_deps\forimage-build\test\test3.vfproj", "{0609AC37-A824-3818-A6B1-B46ACFDBC307}"
	ProjectSection(ProjectDependencies) = postProject
		{13A31B72-513A-3360-8AB7-B875DC3C1CC6} = {13A31B72-513A-3360-8AB7-B875DC3C1CC6}
		{7ACA9D75-3AE2-3424-A40E-11C32A8CA930} = {7ACA9D75-3AE2-3424-A40E-11C32A8CA930}
	EndProjectSection
EndProject
Project("{6989167D-11E4-40FE-8C1A-2192A86A7E90}") = "test4", "_deps\forimage-build\test\test4.vfproj", "{31235370-62B2-3CD0-8AA5-2EA5E0C6AF9F}"
	ProjectSection(ProjectDependencies) = postProject
		{13A31B72-513A-3360-8AB7-B875DC3C1CC6} = {13A31B72-513A-3360-8AB7-B875DC3C1CC6}
		{7ACA9D75-3AE2-3424-A40E-11C32A8CA930} = {7ACA9D75-3AE2-3424-A40E-11C32A8CA930}
	EndProjectSection
EndProject
Project("{6989167D-11E4-40FE-8C1A-2192A86A7E90}") = "test5", "_deps\forimage-build\test\test5.vfproj", "{635D4471-3C10-3AFC-A014-8C1C6728D65B}"
	ProjectSection(ProjectDependencies) = postProject
		{13A31B72-513A-3360-8AB7-B875DC3C1CC6} = {13A31B72-513A-3360-8AB7-B875DC3C1CC6}
		{7ACA9D75-3AE2-3424-A40E-11C32A8CA930} = {7ACA9D75-3AE2-3424-A40E-11C32A8CA930}
	EndProjectSection
EndProject
Project("{6989167D-11E4-40FE-8C1A-2192A86A7E90}") = "test6", "_deps\forimage-build\test\test6.vfproj", "{3DCB9117-D522-3F47-A89D-3563B84BC25A}"
	ProjectSection(ProjectDependencies) = postProject
		{13A31B72-513A-3360-8AB7-B875DC3C1CC6} = {13A31B72-513A-3360-8AB7-B875DC3C1CC6}
		{7ACA9D75-3AE2-3424-A40E-11C32A8CA930} = {7ACA9D75-3AE2-3424-A40E-11C32A8CA930}
	EndProjectSection
EndProject
Project("{6989167D-11E4-40FE-8C1A-2192A86A7E90}") = "test7", "_deps\forimage-build\test\test7.vfproj", "{F9AE002C-1233-3635-9090-28202F3DDCC3}"
	ProjectSection(ProjectDependencies) = postProject
		{13A31B72-513A-3360-8AB7-B875DC3C1CC6} = {13A31B72-513A-3360-8AB7-B875DC3C1CC6}
		{7ACA9D75-3AE2-3424-A40E-11C32A8CA930} = {7ACA9D75-3AE2-3424-A40E-11C32A8CA930}
	EndProjectSection
EndProject
Project("{6989167D-11E4-40FE-8C1A-2192A86A7E90}") = "test8", "_deps\forimage-build\test\test8.vfproj", "{4CA9C728-C92E-3AB7-9C5B-E7003A2353B1}"
	ProjectSection(ProjectDependencies) = postProject
		{13A31B72-513A-3360-8AB7-B875DC3C1CC6} = {13A31B72-513A-3360-8AB7-B875DC3C1CC6}
		{7ACA9D75-3AE2-3424-A40E-11C32A8CA930} = {7ACA9D75-3AE2-3424-A40E-11C32A8CA930}
	EndProjectSection
EndProject
Project("{6989167D-11E4-40FE-8C1A-2192A86A7E90}") = "test9", "_deps\forimage-build\test\test9.vfproj", "{26761E3B-1C31-3A41-A903-D1CD50829C36}"
	ProjectSection(ProjectDependencies) = postProject
		{13A31B72-513A-3360-8AB7-B875DC3C1CC6} = {13A31B72-513A-3360-8AB7-B875DC3C1CC6}
		{7ACA9D75-3AE2-3424-A40E-11C32A8CA930} = {7ACA9D75-3AE2-3424-A40E-11C32A8CA930}
	EndProjectSection
EndProject
Project("{8BC9CEB8-8B4A-11D0-8D11-00A0C91BC942}") = "uninstall_forcolormap", "_deps\forcolormap-build\uninstall_forcolormap.vcxproj", "{293C9143-94A4-3773-879C-45C2F1E7D970}"
	ProjectSection(ProjectDependencies) = postProject
		{13A31B72-513A-3360-8AB7-B875DC3C1CC6} = {13A31B72-513A-3360-8AB7-B875DC3C1CC6}
	EndProjectSection
EndProject
Project("{8BC9CEB8-8B4A-11D0-8D11-00A0C91BC942}") = "uninstall_forimage", "_deps\forimage-build\uninstall_forimage.vcxproj", "{457C78B5-6BED-3DC2-B3B6-A21277BDCC56}"
	ProjectSection(ProjectDependencies) = postProject
		{13A31B72-513A-3360-8AB7-B875DC3C1CC6} = {13A31B72-513A-3360-8AB7-B875DC3C1CC6}
	EndProjectSection
EndProject
Global
	GlobalSection(SolutionConfigurationPlatforms) = preSolution
		Debug|x64 = Debug|x64
		Release|x64 = Release|x64
		MinSizeRel|x64 = MinSizeRel|x64
		RelWithDebInfo|x64 = RelWithDebInfo|x64
	EndGlobalSection
	GlobalSection(ProjectConfigurationPlatforms) = postSolution
		{E1C83367-C826-3DD9-955C-A530511F6947}.Debug|x64.ActiveCfg = Debug|x64
		{E1C83367-C826-3DD9-955C-A530511F6947}.Debug|x64.Build.0 = Debug|x64
		{E1C83367-C826-3DD9-955C-A530511F6947}.Release|x64.ActiveCfg = Release|x64
		{E1C83367-C826-3DD9-955C-A530511F6947}.Release|x64.Build.0 = Release|x64
		{E1C83367-C826-3DD9-955C-A530511F6947}.MinSizeRel|x64.ActiveCfg = MinSizeRel|x64
		{E1C83367-C826-3DD9-955C-A530511F6947}.MinSizeRel|x64.Build.0 = MinSizeRel|x64
		{E1C83367-C826-3DD9-955C-A530511F6947}.RelWithDebInfo|x64.ActiveCfg = RelWithDebInfo|x64
		{E1C83367-C826-3DD9-955C-A530511F6947}.RelWithDebInfo|x64.Build.0 = RelWithDebInfo|x64
		{13B477E4-502B-3429-A97B-29ED6201FCB4}.Debug|x64.ActiveCfg = Debug|x64
		{13B477E4-502B-3429-A97B-29ED6201FCB4}.Release|x64.ActiveCfg = Release|x64
		{13B477E4-502B-3429-A97B-29ED6201FCB4}.MinSizeRel|x64.ActiveCfg = MinSizeRel|x64
		{13B477E4-502B-3429-A97B-29ED6201FCB4}.RelWithDebInfo|x64.ActiveCfg = RelWithDebInfo|x64
		{CE3D4D43-9F25-3B94-8757-901B60A4022B}.Debug|x64.ActiveCfg = Debug|x64
		{CE3D4D43-9F25-3B94-8757-901B60A4022B}.Release|x64.ActiveCfg = Release|x64
		{CE3D4D43-9F25-3B94-8757-901B60A4022B}.MinSizeRel|x64.ActiveCfg = MinSizeRel|x64
		{CE3D4D43-9F25-3B94-8757-901B60A4022B}.RelWithDebInfo|x64.ActiveCfg = RelWithDebInfo|x64
		{9EBD0A1B-3883-3E0D-8DE4-E59919BF544C}.Debug|x64.ActiveCfg = Debug|x64
		{9EBD0A1B-3883-3E0D-8DE4-E59919BF544C}.Release|x64.ActiveCfg = Release|x64
		{9EBD0A1B-3883-3E0D-8DE4-E59919BF544C}.MinSizeRel|x64.ActiveCfg = MinSizeRel|x64
		{9EBD0A1B-3883-3E0D-8DE4-E59919BF544C}.RelWithDebInfo|x64.ActiveCfg = RelWithDebInfo|x64
		{75D153D2-6EFA-3EE7-B86D-54A07B9E29BE}.Debug|x64.ActiveCfg = Debug|x64
		{75D153D2-6EFA-3EE7-B86D-54A07B9E29BE}.Release|x64.ActiveCfg = Release|x64
		{75D153D2-6EFA-3EE7-B86D-54A07B9E29BE}.MinSizeRel|x64.ActiveCfg = MinSizeRel|x64
		{75D153D2-6EFA-3EE7-B86D-54A07B9E29BE}.RelWithDebInfo|x64.ActiveCfg = RelWithDebInfo|x64
		{F685E426-DDFB-3916-BEEB-251EE986D1BD}.Debug|x64.ActiveCfg = Debug|x64
		{F685E426-DDFB-3916-BEEB-251EE986D1BD}.Release|x64.ActiveCfg = Release|x64
		{F685E426-DDFB-3916-BEEB-251EE986D1BD}.MinSizeRel|x64.ActiveCfg = MinSizeRel|x64
		{F685E426-DDFB-3916-BEEB-251EE986D1BD}.RelWithDebInfo|x64.ActiveCfg = RelWithDebInfo|x64
		{B927D293-B344-34DD-B2F5-17FECCB1AD67}.Debug|x64.ActiveCfg = Debug|x64
		{B927D293-B344-34DD-B2F5-17FECCB1AD67}.Release|x64.ActiveCfg = Release|x64
		{B927D293-B344-34DD-B2F5-17FECCB1AD67}.MinSizeRel|x64.ActiveCfg = MinSizeRel|x64
		{B927D293-B344-34DD-B2F5-17FECCB1AD67}.RelWithDebInfo|x64.ActiveCfg = RelWithDebInfo|x64
		{13A31B72-513A-3360-8AB7-B875DC3C1CC6}.Debug|x64.ActiveCfg = Debug|x64
		{13A31B72-513A-3360-8AB7-B875DC3C1CC6}.Debug|x64.Build.0 = Debug|x64
		{13A31B72-513A-3360-8AB7-B875DC3C1CC6}.Release|x64.ActiveCfg = Release|x64
		{13A31B72-513A-3360-8AB7-B875DC3C1CC6}.Release|x64.Build.0 = Release|x64
		{13A31B72-513A-3360-8AB7-B875DC3C1CC6}.MinSizeRel|x64.ActiveCfg = MinSizeRel|x64
		{13A31B72-513A-3360-8AB7-B875DC3C1CC6}.MinSizeRel|x64.Build.0 = MinSizeRel|x64
		{13A31B72-513A-3360-8AB7-B875DC3C1CC6}.RelWithDebInfo|x64.ActiveCfg = RelWithDebInfo|x64
		{13A31B72-513A-3360-8AB7-B875DC3C1CC6}.RelWithDebInfo|x64.Build.0 = RelWithDebInfo|x64
		{2B800E51-2C69-3BED-B7CD-21EFE78C92A7}.Debug|x64.ActiveCfg = Debug|x64
		{2B800E51-2C69-3BED-B7CD-21EFE78C92A7}.Debug|x64.Build.0 = Debug|x64
		{2B800E51-2C69-3BED-B7CD-21EFE78C92A7}.Release|x64.ActiveCfg = Release|x64
		{2B800E51-2C69-3BED-B7CD-21EFE78C92A7}.Release|x64.Build.0 = Release|x64
		{2B800E51-2C69-3BED-B7CD-21EFE78C92A7}.MinSizeRel|x64.ActiveCfg = MinSizeRel|x64
		{2B800E51-2C69-3BED-B7CD-21EFE78C92A7}.MinSizeRel|x64.Build.0 = MinSizeRel|x64
		{2B800E51-2C69-3BED-B7CD-21EFE78C92A7}.RelWithDebInfo|x64.ActiveCfg = RelWithDebInfo|x64
		{2B800E51-2C69-3BED-B7CD-21EFE78C92A7}.RelWithDebInfo|x64.Build.0 = RelWithDebInfo|x64
		{BB5C017F-0557-34BB-88C6-6D1E0A136338}.Debug|x64.ActiveCfg = Debug|x64
		{BB5C017F-0557-34BB-88C6-6D1E0A136338}.Debug|x64.Build.0 = Debug|x64
		{BB5C017F-0557-34BB-88C6-6D1E0A136338}.Release|x64.ActiveCfg = Release|x64
		{BB5C017F-0557-34BB-88C6-6D1E0A136338}.Release|x64.Build.0 = Release|x64
		{BB5C017F-0557-34BB-88C6-6D1E0A136338}.MinSizeRel|x64.ActiveCfg = MinSizeRel|x64
		{BB5C017F-0557-34BB-88C6-6D1E0A136338}.MinSizeRel|x64.Build.0 = MinSizeRel|x64
		{BB5C017F-0557-34BB-88C6-6D1E0A136338}.RelWithDebInfo|x64.ActiveCfg = RelWithDebInfo|x64
		{BB5C017F-0557-34BB-88C6-6D1E0A136338}.RelWithDebInfo|x64.Build.0 = RelWithDebInfo|x64
		{8BFA9149-8A5D-32AE-A6A7-49ADF852E58F}.Debug|x64.ActiveCfg = Debug|x64
		{8BFA9149-8A5D-32AE-A6A7-49ADF852E58F}.Debug|x64.Build.0 = Debug|x64
		{8BFA9149-8A5D-32AE-A6A7-49ADF852E58F}.Release|x64.ActiveCfg = Release|x64
		{8BFA9149-8A5D-32AE-A6A7-49ADF852E58F}.Release|x64.Build.0 = Release|x64
		{8BFA9149-8A5D-32AE-A6A7-49ADF852E58F}.MinSizeRel|x64.ActiveCfg = MinSizeRel|x64
		{8BFA9149-8A5D-32AE-A6A7-49ADF852E58F}.MinSizeRel|x64.Build.0 = MinSizeRel|x64
		{8BFA9149-8A5D-32AE-A6A7-49ADF852E58F}.RelWithDebInfo|x64.ActiveCfg = RelWithDebInfo|x64
		{8BFA9149-8A5D-32AE-A6A7-49ADF852E58F}.RelWithDebInfo|x64.Build.0 = RelWithDebInfo|x64
		{DC34ED4D-EAC4-37C2-8AA6-790C3A462342}.Debug|x64.ActiveCfg = Debug|x64
		{DC34ED4D-EAC4-37C2-8AA6-790C3A462342}.Debug|x64.Build.0 = Debug|x64
		{DC34ED4D-EAC4-37C2-8AA6-790C3A462342}.Release|x64.ActiveCfg = Release|x64
		{DC34ED4D-EAC4-37C2-8AA6-790C3A462342}.Release|x64.Build.0 = Release|x64
		{DC34ED4D-EAC4-37C2-8AA6-790C3A462342}.MinSizeRel|x64.ActiveCfg = MinSizeRel|x64
		{DC34ED4D-EAC4-37C2-8AA6-790C3A462342}.MinSizeRel|x64.Build.0 = MinSizeRel|x64
		{DC34ED4D-EAC4-37C2-8AA6-790C3A462342}.RelWithDebInfo|x64.ActiveCfg = RelWithDebInfo|x64
		{DC34ED4D-EAC4-37C2-8AA6-790C3A462342}.RelWithDebInfo|x64.Build.0 = RelWithDebInfo|x64
		{7ACA9D75-3AE2-3424-A40E-11C32A8CA930}.Debug|x64.ActiveCfg = Debug|x64
		{7ACA9D75-3AE2-3424-A40E-11C32A8CA930}.Debug|x64.Build.0 = Debug|x64
		{7ACA9D75-3AE2-3424-A40E-11C32A8CA930}.Release|x64.ActiveCfg = Release|x64
		{7ACA9D75-3AE2-3424-A40E-11C32A8CA930}.Release|x64.Build.0 = Release|x64
		{7ACA9D75-3AE2-3424-A40E-11C32A8CA930}.MinSizeRel|x64.ActiveCfg = MinSizeRel|x64
		{7ACA9D75-3AE2-3424-A40E-11C32A8CA930}.MinSizeRel|x64.Build.0 = MinSizeRel|x64
		{7ACA9D75-3AE2-3424-A40E-11C32A8CA930}.RelWithDebInfo|x64.ActiveCfg = RelWithDebInfo|x64
		{7ACA9D75-3AE2-3424-A40E-11C32A8CA930}.RelWithDebInfo|x64.Build.0 = RelWithDebInfo|x64
		{E230180E-78F4-3C4B-ACF5-EAC9533C2CA4}.Debug|x64.ActiveCfg = Debug|x64
		{E230180E-78F4-3C4B-ACF5-EAC9533C2CA4}.Debug|x64.Build.0 = Debug|x64
		{E230180E-78F4-3C4B-ACF5-EAC9533C2CA4}.Release|x64.ActiveCfg = Release|x64
		{E230180E-78F4-3C4B-ACF5-EAC9533C2CA4}.Release|x64.Build.0 = Release|x64
		{E230180E-78F4-3C4B-ACF5-EAC9533C2CA4}.MinSizeRel|x64.ActiveCfg = MinSizeRel|x64
		{E230180E-78F4-3C4B-ACF5-EAC9533C2CA4}.MinSizeRel|x64.Build.0 = MinSizeRel|x64
		{E230180E-78F4-3C4B-ACF5-EAC9533C2CA4}.RelWithDebInfo|x64.ActiveCfg = RelWithDebInfo|x64
		{E230180E-78F4-3C4B-ACF5-EAC9533C2CA4}.RelWithDebInfo|x64.Build.0 = RelWithDebInfo|x64
		{CC44CB74-F5AC-363C-BE9B-B553A831D8BB}.Debug|x64.ActiveCfg = Debug|x64
		{CC44CB74-F5AC-363C-BE9B-B553A831D8BB}.Debug|x64.Build.0 = Debug|x64
		{CC44CB74-F5AC-363C-BE9B-B553A831D8BB}.Release|x64.ActiveCfg = Release|x64
		{CC44CB74-F5AC-363C-BE9B-B553A831D8BB}.Release|x64.Build.0 = Release|x64
		{CC44CB74-F5AC-363C-BE9B-B553A831D8BB}.MinSizeRel|x64.ActiveCfg = MinSizeRel|x64
		{CC44CB74-F5AC-363C-BE9B-B553A831D8BB}.MinSizeRel|x64.Build.0 = MinSizeRel|x64
		{CC44CB74-F5AC-363C-BE9B-B553A831D8BB}.RelWithDebInfo|x64.ActiveCfg = RelWithDebInfo|x64
		{CC44CB74-F5AC-363C-BE9B-B553A831D8BB}.RelWithDebInfo|x64.Build.0 = RelWithDebInfo|x64
		{47C8C683-A20D-35AB-9108-A5B15F361406}.Debug|x64.ActiveCfg = Debug|x64
		{47C8C683-A20D-35AB-9108-A5B15F361406}.Debug|x64.Build.0 = Debug|x64
		{47C8C683-A20D-35AB-9108-A5B15F361406}.Release|x64.ActiveCfg = Release|x64
		{47C8C683-A20D-35AB-9108-A5B15F361406}.Release|x64.Build.0 = Release|x64
		{47C8C683-A20D-35AB-9108-A5B15F361406}.MinSizeRel|x64.ActiveCfg = MinSizeRel|x64
		{47C8C683-A20D-35AB-9108-A5B15F361406}.MinSizeRel|x64.Build.0 = MinSizeRel|x64
		{47C8C683-A20D-35AB-9108-A5B15F361406}.RelWithDebInfo|x64.ActiveCfg = RelWithDebInfo|x64
		{47C8C683-A20D-35AB-9108-A5B15F361406}.RelWithDebInfo|x64.Build.0 = RelWithDebInfo|x64
		{BB918C03-C7E3-37C2-AD74-7EF7704F70BD}.Debug|x64.ActiveCfg = Debug|x64
		{BB918C03-C7E3-37C2-AD74-7EF7704F70BD}.Debug|x64.Build.0 = Debug|x64
		{BB918C03-C7E3-37C2-AD74-7EF7704F70BD}.Release|x64.ActiveCfg = Release|x64
		{BB918C03-C7E3-37C2-AD74-7EF7704F70BD}.Release|x64.Build.0 = Release|x64
		{BB918C03-C7E3-37C2-AD74-7EF7704F70BD}.MinSizeRel|x64.ActiveCfg = MinSizeRel|x64
		{BB918C03-C7E3-37C2-AD74-7EF7704F70BD}.MinSizeRel|x64.Build.0 = MinSizeRel|x64
		{BB918C03-C7E3-37C2-AD74-7EF7704F70BD}.RelWithDebInfo|x64.ActiveCfg = RelWithDebInfo|x64
		{BB918C03-C7E3-37C2-AD74-7EF7704F70BD}.RelWithDebInfo|x64.Build.0 = RelWithDebInfo|x64
		{829787C4-C162-3A7E-B93E-303BFB633AAB}.Debug|x64.ActiveCfg = Debug|x64
		{829787C4-C162-3A7E-B93E-303BFB633AAB}.Debug|x64.Build.0 = Debug|x64
		{829787C4-C162-3A7E-B93E-303BFB633AAB}.Release|x64.ActiveCfg = Release|x64
		{829787C4-C162-3A7E-B93E-303BFB633AAB}.Release|x64.Build.0 = Release|x64
		{829787C4-C162-3A7E-B93E-303BFB633AAB}.MinSizeRel|x64.ActiveCfg = MinSizeRel|x64
		{829787C4-C162-3A7E-B93E-303BFB633AAB}.MinSizeRel|x64.Build.0 = MinSizeRel|x64
		{829787C4-C162-3A7E-B93E-303BFB633AAB}.RelWithDebInfo|x64.ActiveCfg = RelWithDebInfo|x64
		{829787C4-C162-3A7E-B93E-303BFB633AAB}.RelWithDebInfo|x64.Build.0 = RelWithDebInfo|x64
		{3F0AC000-5B95-32CB-925A-ED53AB8C1ECB}.Debug|x64.ActiveCfg = Debug|x64
		{3F0AC000-5B95-32CB-925A-ED53AB8C1ECB}.Debug|x64.Build.0 = Debug|x64
		{3F0AC000-5B95-32CB-925A-ED53AB8C1ECB}.Release|x64.ActiveCfg = Release|x64
		{3F0AC000-5B95-32CB-925A-ED53AB8C1ECB}.Release|x64.Build.0 = Release|x64
		{3F0AC000-5B95-32CB-925A-ED53AB8C1ECB}.MinSizeRel|x64.ActiveCfg = MinSizeRel|x64
		{3F0AC000-5B95-32CB-925A-ED53AB8C1ECB}.MinSizeRel|x64.Build.0 = MinSizeRel|x64
		{3F0AC000-5B95-32CB-925A-ED53AB8C1ECB}.RelWithDebInfo|x64.ActiveCfg = RelWithDebInfo|x64
		{3F0AC000-5B95-32CB-925A-ED53AB8C1ECB}.RelWithDebInfo|x64.Build.0 = RelWithDebInfo|x64
		{578CCEE4-EAB8-3DF7-920D-57150CB66ACA}.Debug|x64.ActiveCfg = Debug|x64
		{578CCEE4-EAB8-3DF7-920D-57150CB66ACA}.Debug|x64.Build.0 = Debug|x64
		{578CCEE4-EAB8-3DF7-920D-57150CB66ACA}.Release|x64.ActiveCfg = Release|x64
		{578CCEE4-EAB8-3DF7-920D-57150CB66ACA}.Release|x64.Build.0 = Release|x64
		{578CCEE4-EAB8-3DF7-920D-57150CB66ACA}.MinSizeRel|x64.ActiveCfg = MinSizeRel|x64
		{578CCEE4-EAB8-3DF7-920D-57150CB66ACA}.MinSizeRel|x64.Build.0 = MinSizeRel|x64
		{578CCEE4-EAB8-3DF7-920D-57150CB66ACA}.RelWithDebInfo|x64.ActiveCfg = RelWithDebInfo|x64
		{578CCEE4-EAB8-3DF7-920D-57150CB66ACA}.RelWithDebInfo|x64.Build.0 = RelWithDebInfo|x64
		{6F498CF6-9910-3931-9C87-664CB718C0EA}.Debug|x64.ActiveCfg = Debug|x64
		{6F498CF6-9910-3931-9C87-664CB718C0EA}.Debug|x64.Build.0 = Debug|x64
		{6F498CF6-9910-3931-9C87-664CB718C0EA}.Release|x64.ActiveCfg = Release|x64
		{6F498CF6-9910-3931-9C87-664CB718C0EA}.Release|x64.Build.0 = Release|x64
		{6F498CF6-9910-3931-9C87-664CB718C0EA}.MinSizeRel|x64.ActiveCfg = MinSizeRel|x64
		{6F498CF6-9910-3931-9C87-664CB718C0EA}.MinSizeRel|x64.Build.0 = MinSizeRel|x64
		{6F498CF6-9910-3931-9C87-664CB718C0EA}.RelWithDebInfo|x64.ActiveCfg = RelWithDebInfo|x64
		{6F498CF6-9910-3931-9C87-664CB718C0EA}.RelWithDebInfo|x64.Build.0 = RelWithDebInfo|x64
		{84213D1A-5546-3854-AEA1-331F4FA80785}.Debug|x64.ActiveCfg = Debug|x64
		{84213D1A-5546-3854-AEA1-331F4FA80785}.Debug|x64.Build.0 = Debug|x64
		{84213D1A-5546-3854-AEA1-331F4FA80785}.Release|x64.ActiveCfg = Release|x64
		{84213D1A-5546-3854-AEA1-331F4FA80785}.Release|x64.Build.0 = Release|x64
		{84213D1A-5546-3854-AEA1-331F4FA80785}.MinSizeRel|x64.ActiveCfg = MinSizeRel|x64
		{84213D1A-5546-3854-AEA1-331F4FA80785}.MinSizeRel|x64.Build.0 = MinSizeRel|x64
		{84213D1A-5546-3854-AEA1-331F4FA80785}.RelWithDebInfo|x64.ActiveCfg = RelWithDebInfo|x64
		{84213D1A-5546-3854-AEA1-331F4FA80785}.RelWithDebInfo|x64.Build.0 = RelWithDebInfo|x64
		{C357D8AE-737E-3205-BC94-FE755AD83803}.Debug|x64.ActiveCfg = Debug|x64
		{C357D8AE-737E-3205-BC94-FE755AD83803}.Debug|x64.Build.0 = Debug|x64
		{C357D8AE-737E-3205-BC94-FE755AD83803}.Release|x64.ActiveCfg = Release|x64
		{C357D8AE-737E-3205-BC94-FE755AD83803}.Release|x64.Build.0 = Release|x64
		{C357D8AE-737E-3205-BC94-FE755AD83803}.MinSizeRel|x64.ActiveCfg = MinSizeRel|x64
		{C357D8AE-737E-3205-BC94-FE755AD83803}.MinSizeRel|x64.Build.0 = MinSizeRel|x64
		{C357D8AE-737E-3205-BC94-FE755AD83803}.RelWithDebInfo|x64.ActiveCfg = RelWithDebInfo|x64
		{C357D8AE-737E-3205-BC94-FE755AD83803}.RelWithDebInfo|x64.Build.0 = RelWithDebInfo|x64
		{EAD6C48D-8966-369D-B2F6-560207A3C9EA}.Debug|x64.ActiveCfg = Debug|x64
		{EAD6C48D-8966-369D-B2F6-560207A3C9EA}.Debug|x64.Build.0 = Debug|x64
		{EAD6C48D-8966-369D-B2F6-560207A3C9EA}.Release|x64.ActiveCfg = Release|x64
		{EAD6C48D-8966-369D-B2F6-560207A3C9EA}.Release|x64.Build.0 = Release|x64
		{EAD6C48D-8966-369D-B2F6-560207A3C9EA}.MinSizeRel|x64.ActiveCfg = MinSizeRel|x64
		{EAD6C48D-8966-369D-B2F6-560207A3C9EA}.MinSizeRel|x64.Build.0 = MinSizeRel|x64
		{EAD6C48D-8966-369D-B2F6-560207A3C9EA}.RelWithDebInfo|x64.ActiveCfg = RelWithDebInfo|x64
		{EAD6C48D-8966-369D-B2F6-560207A3C9EA}.RelWithDebInfo|x64.Build.0 = RelWithDebInfo|x64
		{97580E0A-8741-334A-869B-066EAFD7AD5E}.Debug|x64.ActiveCfg = Debug|x64
		{97580E0A-8741-334A-869B-066EAFD7AD5E}.Debug|x64.Build.0 = Debug|x64
		{97580E0A-8741-334A-869B-066EAFD7AD5E}.Release|x64.ActiveCfg = Release|x64
		{97580E0A-8741-334A-869B-066EAFD7AD5E}.Release|x64.Build.0 = Release|x64
		{97580E0A-8741-334A-869B-066EAFD7AD5E}.MinSizeRel|x64.ActiveCfg = MinSizeRel|x64
		{97580E0A-8741-334A-869B-066EAFD7AD5E}.MinSizeRel|x64.Build.0 = MinSizeRel|x64
		{97580E0A-8741-334A-869B-066EAFD7AD5E}.RelWithDebInfo|x64.ActiveCfg = RelWithDebInfo|x64
		{97580E0A-8741-334A-869B-066EAFD7AD5E}.RelWithDebInfo|x64.Build.0 = RelWithDebInfo|x64
		{8C90A83B-A779-300D-B741-87B6A3972696}.Debug|x64.ActiveCfg = Debug|x64
		{8C90A83B-A779-300D-B741-87B6A3972696}.Debug|x64.Build.0 = Debug|x64
		{8C90A83B-A779-300D-B741-87B6A3972696}.Release|x64.ActiveCfg = Release|x64
		{8C90A83B-A779-300D-B741-87B6A3972696}.Release|x64.Build.0 = Release|x64
		{8C90A83B-A779-300D-B741-87B6A3972696}.MinSizeRel|x64.ActiveCfg = MinSizeRel|x64
		{8C90A83B-A779-300D-B741-87B6A3972696}.MinSizeRel|x64.Build.0 = MinSizeRel|x64
		{8C90A83B-A779-300D-B741-87B6A3972696}.RelWithDebInfo|x64.ActiveCfg = RelWithDebInfo|x64
		{8C90A83B-A779-300D-B741-87B6A3972696}.RelWithDebInfo|x64.Build.0 = RelWithDebInfo|x64
		{46A97447-59EC-3F60-8255-46CD34F8157D}.Debug|x64.ActiveCfg = Debug|x64
		{46A97447-59EC-3F60-8255-46CD34F8157D}.Debug|x64.Build.0 = Debug|x64
		{46A97447-59EC-3F60-8255-46CD34F8157D}.Release|x64.ActiveCfg = Release|x64
		{46A97447-59EC-3F60-8255-46CD34F8157D}.Release|x64.Build.0 = Release|x64
		{46A97447-59EC-3F60-8255-46CD34F8157D}.MinSizeRel|x64.ActiveCfg = MinSizeRel|x64
		{46A97447-59EC-3F60-8255-46CD34F8157D}.MinSizeRel|x64.Build.0 = MinSizeRel|x64
		{46A97447-59EC-3F60-8255-46CD34F8157D}.RelWithDebInfo|x64.ActiveCfg = RelWithDebInfo|x64
		{46A97447-59EC-3F60-8255-46CD34F8157D}.RelWithDebInfo|x64.Build.0 = RelWithDebInfo|x64
		{C01846BE-E934-3A78-84ED-4FE1ECD95760}.Debug|x64.ActiveCfg = Debug|x64
		{C01846BE-E934-3A78-84ED-4FE1ECD95760}.Debug|x64.Build.0 = Debug|x64
		{C01846BE-E934-3A78-84ED-4FE1ECD95760}.Release|x64.ActiveCfg = Release|x64
		{C01846BE-E934-3A78-84ED-4FE1ECD95760}.Release|x64.Build.0 = Release|x64
		{C01846BE-E934-3A78-84ED-4FE1ECD95760}.MinSizeRel|x64.ActiveCfg = MinSizeRel|x64
		{C01846BE-E934-3A78-84ED-4FE1ECD95760}.MinSizeRel|x64.Build.0 = MinSizeRel|x64
		{C01846BE-E934-3A78-84ED-4FE1ECD95760}.RelWithDebInfo|x64.ActiveCfg = RelWithDebInfo|x64
		{C01846BE-E934-3A78-84ED-4FE1ECD95760}.RelWithDebInfo|x64.Build.0 = RelWithDebInfo|x64
		{553F08CF-D96A-3E35-82A8-908D4E0BAC7F}.Debug|x64.ActiveCfg = Debug|x64
		{553F08CF-D96A-3E35-82A8-908D4E0BAC7F}.Debug|x64.Build.0 = Debug|x64
		{553F08CF-D96A-3E35-82A8-908D4E0BAC7F}.Release|x64.ActiveCfg = Release|x64
		{553F08CF-D96A-3E35-82A8-908D4E0BAC7F}.Release|x64.Build.0 = Release|x64
		{553F08CF-D96A-3E35-82A8-908D4E0BAC7F}.MinSizeRel|x64.ActiveCfg = MinSizeRel|x64
		{553F08CF-D96A-3E35-82A8-908D4E0BAC7F}.MinSizeRel|x64.Build.0 = MinSizeRel|x64
		{553F08CF-D96A-3E35-82A8-908D4E0BAC7F}.RelWithDebInfo|x64.ActiveCfg = RelWithDebInfo|x64
		{553F08CF-D96A-3E35-82A8-908D4E0BAC7F}.RelWithDebInfo|x64.Build.0 = RelWithDebInfo|x64
		{91BAF937-D692-3D1D-9A16-0988A0331BF0}.Debug|x64.ActiveCfg = Debug|x64
		{91BAF937-D692-3D1D-9A16-0988A0331BF0}.Debug|x64.Build.0 = Debug|x64
		{91BAF937-D692-3D1D-9A16-0988A0331BF0}.Release|x64.ActiveCfg = Release|x64
		{91BAF937-D692-3D1D-9A16-0988A0331BF0}.Release|x64.Build.0 = Release|x64
		{91BAF937-D692-3D1D-9A16-0988A0331BF0}.MinSizeRel|x64.ActiveCfg = MinSizeRel|x64
		{91BAF937-D692-3D1D-9A16-0988A0331BF0}.MinSizeRel|x64.Build.0 = MinSizeRel|x64
		{91BAF937-D692-3D1D-9A16-0988A0331BF0}.RelWithDebInfo|x64.ActiveCfg = RelWithDebInfo|x64
		{91BAF937-D692-3D1D-9A16-0988A0331BF0}.RelWithDebInfo|x64.Build.0 = RelWithDebInfo|x64
		{1BC14E35-B889-3868-9C8C-8C3A417A1522}.Debug|x64.ActiveCfg = Debug|x64
		{1BC14E35-B889-3868-9C8C-8C3A417A1522}.Debug|x64.Build.0 = Debug|x64
		{1BC14E35-B889-3868-9C8C-8C3A417A1522}.Release|x64.ActiveCfg = Release|x64
		{1BC14E35-B889-3868-9C8C-8C3A417A1522}.Release|x64.Build.0 = Release|x64
		{1BC14E35-B889-3868-9C8C-8C3A417A1522}.MinSizeRel|x64.ActiveCfg = MinSizeRel|x64
		{1BC14E35-B889-3868-9C8C-8C3A417A1522}.MinSizeRel|x64.Build.0 = MinSizeRel|x64
		{1BC14E35-B889-3868-9C8C-8C3A417A1522}.RelWithDebInfo|x64.ActiveCfg = RelWithDebInfo|x64
		{1BC14E35-B889-3868-9C8C-8C3A417A1522}.RelWithDebInfo|x64.Build.0 = RelWithDebInfo|x64
		{B7BBD15B-4BA4-367D-8446-D93F8C23234C}.Debug|x64.ActiveCfg = Debug|x64
		{B7BBD15B-4BA4-367D-8446-D93F8C23234C}.Debug|x64.Build.0 = Debug|x64
		{B7BBD15B-4BA4-367D-8446-D93F8C23234C}.Release|x64.ActiveCfg = Release|x64
		{B7BBD15B-4BA4-367D-8446-D93F8C23234C}.Release|x64.Build.0 = Release|x64
		{B7BBD15B-4BA4-367D-8446-D93F8C23234C}.MinSizeRel|x64.ActiveCfg = MinSizeRel|x64
		{B7BBD15B-4BA4-367D-8446-D93F8C23234C}.MinSizeRel|x64.Build.0 = MinSizeRel|x64
		{B7BBD15B-4BA4-367D-8446-D93F8C23234C}.RelWithDebInfo|x64.ActiveCfg = RelWithDebInfo|x64
		{B7BBD15B-4BA4-367D-8446-D93F8C23234C}.RelWithDebInfo|x64.Build.0 = RelWithDebInfo|x64
		{6DA0BAF2-1752-3F5F-97F6-D1AACBCCF826}.Debug|x64.ActiveCfg = Debug|x64
		{6DA0BAF2-1752-3F5F-97F6-D1AACBCCF826}.Debug|x64.Build.0 = Debug|x64
		{6DA0BAF2-1752-3F5F-97F6-D1AACBCCF826}.Release|x64.ActiveCfg = Release|x64
		{6DA0BAF2-1752-3F5F-97F6-D1AACBCCF826}.Release|x64.Build.0 = Release|x64
		{6DA0BAF2-1752-3F5F-97F6-D1AACBCCF826}.MinSizeRel|x64.ActiveCfg = MinSizeRel|x64
		{6DA0BAF2-1752-3F5F-97F6-D1AACBCCF826}.MinSizeRel|x64.Build.0 = MinSizeRel|x64
		{6DA0BAF2-1752-3F5F-97F6-D1AACBCCF826}.RelWithDebInfo|x64.ActiveCfg = RelWithDebInfo|x64
		{6DA0BAF2-1752-3F5F-97F6-D1AACBCCF826}.RelWithDebInfo|x64.Build.0 = RelWithDebInfo|x64
		{0DFAAD6A-B0C6-38CD-A87E-BBADEBE4C4BC}.Debug|x64.ActiveCfg = Debug|x64
		{0DFAAD6A-B0C6-38CD-A87E-BBADEBE4C4BC}.Debug|x64.Build.0 = Debug|x64
		{0DFAAD6A-B0C6-38CD-A87E-BBADEBE4C4BC}.Release|x64.ActiveCfg = Release|x64
		{0DFAAD6A-B0C6-38CD-A87E-BBADEBE4C4BC}.Release|x64.Build.0 = Release|x64
		{0DFAAD6A-B0C6-38CD-A87E-BBADEBE4C4BC}.MinSizeRel|x64.ActiveCfg = MinSizeRel|x64
		{0DFAAD6A-B0C6-38CD-A87E-BBADEBE4C4BC}.MinSizeRel|x64.Build.0 = MinSizeRel|x64
		{0DFAAD6A-B0C6-38CD-A87E-BBADEBE4C4BC}.RelWithDebInfo|x64.ActiveCfg = RelWithDebInfo|x64
		{0DFAAD6A-B0C6-38CD-A87E-BBADEBE4C4BC}.RelWithDebInfo|x64.Build.0 = RelWithDebInfo|x64
		{67CB7B28-663D-31CE-B278-91301A75B4FD}.Debug|x64.ActiveCfg = Debug|x64
		{67CB7B28-663D-31CE-B278-91301A75B4FD}.Debug|x64.Build.0 = Debug|x64
		{67CB7B28-663D-31CE-B278-91301A75B4FD}.Release|x64.ActiveCfg = Release|x64
		{67CB7B28-663D-31CE-B278-91301A75B4FD}.Release|x64.Build.0 = Release|x64
		{67CB7B28-663D-31CE-B278-91301A75B4FD}.MinSizeRel|x64.ActiveCfg = MinSizeRel|x64
		{67CB7B28-663D-31CE-B278-91301A75B4FD}.MinSizeRel|x64.Build.0 = MinSizeRel|x64
		{67CB7B28-663D-31CE-B278-91301A75B4FD}.RelWithDebInfo|x64.ActiveCfg = RelWithDebInfo|x64
		{67CB7B28-663D-31CE-B278-91301A75B4FD}.RelWithDebInfo|x64.Build.0 = RelWithDebInfo|x64
		{36BA25C3-21F5-3B72-AB7D-7E68F923BCFA}.Debug|x64.ActiveCfg = Debug|x64
		{36BA25C3-21F5-3B72-AB7D-7E68F923BCFA}.Debug|x64.Build.0 = Debug|x64
		{36BA25C3-21F5-3B72-AB7D-7E68F923BCFA}.Release|x64.ActiveCfg = Release|x64
		{36BA25C3-21F5-3B72-AB7D-7E68F923BCFA}.Release|x64.Build.0 = Release|x64
		{36BA25C3-21F5-3B72-AB7D-7E68F923BCFA}.MinSizeRel|x64.ActiveCfg = MinSizeRel|x64
		{36BA25C3-21F5-3B72-AB7D-7E68F923BCFA}.MinSizeRel|x64.Build.0 = MinSizeRel|x64
		{36BA25C3-21F5-3B72-AB7D-7E68F923BCFA}.RelWithDebInfo|x64.ActiveCfg = RelWithDebInfo|x64
		{36BA25C3-21F5-3B72-AB7D-7E68F923BCFA}.RelWithDebInfo|x64.Build.0 = RelWithDebInfo|x64
		{9EA0980D-853E-3333-BDC2-9352BB1D4EEB}.Debug|x64.ActiveCfg = Debug|x64
		{9EA0980D-853E-3333-BDC2-9352BB1D4EEB}.Debug|x64.Build.0 = Debug|x64
		{9EA0980D-853E-3333-BDC2-9352BB1D4EEB}.Release|x64.ActiveCfg = Release|x64
		{9EA0980D-853E-3333-BDC2-9352BB1D4EEB}.Release|x64.Build.0 = Release|x64
		{9EA0980D-853E-3333-BDC2-9352BB1D4EEB}.MinSizeRel|x64.ActiveCfg = MinSizeRel|x64
		{9EA0980D-853E-3333-BDC2-9352BB1D4EEB}.MinSizeRel|x64.Build.0 = MinSizeRel|x64
		{9EA0980D-853E-3333-BDC2-9352BB1D4EEB}.RelWithDebInfo|x64.ActiveCfg = RelWithDebInfo|x64
		{9EA0980D-853E-3333-BDC2-9352BB1D4EEB}.RelWithDebInfo|x64.Build.0 = RelWithDebInfo|x64
		{5984EE68-164B-3991-974D-4651262880E3}.Debug|x64.ActiveCfg = Debug|x64
		{5984EE68-164B-3991-974D-4651262880E3}.Debug|x64.Build.0 = Debug|x64
		{5984EE68-164B-3991-974D-4651262880E3}.Release|x64.ActiveCfg = Release|x64
		{5984EE68-164B-3991-974D-4651262880E3}.Release|x64.Build.0 = Release|x64
		{5984EE68-164B-3991-974D-4651262880E3}.MinSizeRel|x64.ActiveCfg = MinSizeRel|x64
		{5984EE68-164B-3991-974D-4651262880E3}.MinSizeRel|x64.Build.0 = MinSizeRel|x64
		{5984EE68-164B-3991-974D-4651262880E3}.RelWithDebInfo|x64.ActiveCfg = RelWithDebInfo|x64
		{5984EE68-164B-3991-974D-4651262880E3}.RelWithDebInfo|x64.Build.0 = RelWithDebInfo|x64
		{F101C2D4-846D-333C-9459-E01BA3CDD8E1}.Debug|x64.ActiveCfg = Debug|x64
		{F101C2D4-846D-333C-9459-E01BA3CDD8E1}.Debug|x64.Build.0 = Debug|x64
		{F101C2D4-846D-333C-9459-E01BA3CDD8E1}.Release|x64.ActiveCfg = Release|x64
		{F101C2D4-846D-333C-9459-E01BA3CDD8E1}.Release|x64.Build.0 = Release|x64
		{F101C2D4-846D-333C-9459-E01BA3CDD8E1}.MinSizeRel|x64.ActiveCfg = MinSizeRel|x64
		{F101C2D4-846D-333C-9459-E01BA3CDD8E1}.MinSizeRel|x64.Build.0 = MinSizeRel|x64
		{F101C2D4-846D-333C-9459-E01BA3CDD8E1}.RelWithDebInfo|x64.ActiveCfg = RelWithDebInfo|x64
		{F101C2D4-846D-333C-9459-E01BA3CDD8E1}.RelWithDebInfo|x64.Build.0 = RelWithDebInfo|x64
		{0609AC37-A824-3818-A6B1-B46ACFDBC307}.Debug|x64.ActiveCfg = Debug|x64
		{0609AC37-A824-3818-A6B1-B46ACFDBC307}.Debug|x64.Build.0 = Debug|x64
		{0609AC37-A824-3818-A6B1-B46ACFDBC307}.Release|x64.ActiveCfg = Release|x64
		{0609AC37-A824-3818-A6B1-B46ACFDBC307}.Release|x64.Build.0 = Release|x64
		{0609AC37-A824-3818-A6B1-B46ACFDBC307}.MinSizeRel|x64.ActiveCfg = MinSizeRel|x64
		{0609AC37-A824-3818-A6B1-B46ACFDBC307}.MinSizeRel|x64.Build.0 = MinSizeRel|x64
		{0609AC37-A824-3818-A6B1-B46ACFDBC307}.RelWithDebInfo|x64.ActiveCfg = RelWithDebInfo|x64
		{0609AC37-A824-3818-A6B1-B46ACFDBC307}.RelWithDebInfo|x64.Build.0 = RelWithDebInfo|x64
		{31235370-62B2-3CD0-8AA5-2EA5E0C6AF9F}.Debug|x64.ActiveCfg = Debug|x64
		{31235370-62B2-3CD0-8AA5-2EA5E0C6AF9F}.Debug|x64.Build.0 = Debug|x64
		{31235370-62B2-3CD0-8AA5-2EA5E0C6AF9F}.Release|x64.ActiveCfg = Release|x64
		{31235370-62B2-3CD0-8AA5-2EA5E0C6AF9F}.Release|x64.Build.0 = Release|x64
		{31235370-62B2-3CD0-8AA5-2EA5E0C6AF9F}.MinSizeRel|x64.ActiveCfg = MinSizeRel|x64
		{31235370-62B2-3CD0-8AA5-2EA5E0C6AF9F}.MinSizeRel|x64.Build.0 = MinSizeRel|x64
		{31235370-62B2-3CD0-8AA5-2EA5E0C6AF9F}.RelWithDebInfo|x64.ActiveCfg = RelWithDebInfo|x64
		{31235370-62B2-3CD0-8AA5-2EA5E0C6AF9F}.RelWithDebInfo|x64.Build.0 = RelWithDebInfo|x64
		{635D4471-3C10-3AFC-A014-8C1C6728D65B}.Debug|x64.ActiveCfg = Debug|x64
		{635D4471-3C10-3AFC-A014-8C1C6728D65B}.Debug|x64.Build.0 = Debug|x64
		{635D4471-3C10-3AFC-A014-8C1C6728D65B}.Release|x64.ActiveCfg = Release|x64
		{635D4471-3C10-3AFC-A014-8C1C6728D65B}.Release|x64.Build.0 = Release|x64
		{635D4471-3C10-3AFC-A014-8C1C6728D65B}.MinSizeRel|x64.ActiveCfg = MinSizeRel|x64
		{635D4471-3C10-3AFC-A014-8C1C6728D65B}.MinSizeRel|x64.Build.0 = MinSizeRel|x64
		{635D4471-3C10-3AFC-A014-8C1C6728D65B}.RelWithDebInfo|x64.ActiveCfg = RelWithDebInfo|x64
		{635D4471-3C10-3AFC-A014-8C1C6728D65B}.RelWithDebInfo|x64.Build.0 = RelWithDebInfo|x64
		{3DCB9117-D522-3F47-A89D-3563B84BC25A}.Debug|x64.ActiveCfg = Debug|x64
		{3DCB9117-D522-3F47-A89D-3563B84BC25A}.Debug|x64.Build.0 = Debug|x64
		{3DCB9117-D522-3F47-A89D-3563B84BC25A}.Release|x64.ActiveCfg = Release|x64
		{3DCB9117-D522-3F47-A89D-3563B84BC25A}.Release|x64.Build.0 = Release|x64
		{3DCB9117-D522-3F47-A89D-3563B84BC25A}.MinSizeRel|x64.ActiveCfg = MinSizeRel|x64
		{3DCB9117-D522-3F47-A89D-3563B84BC25A}.MinSizeRel|x64.Build.0 = MinSizeRel|x64
		{3DCB9117-D522-3F47-A89D-3563B84BC25A}.RelWithDebInfo|x64.ActiveCfg = RelWithDebInfo|x64
		{3DCB9117-D522-3F47-A89D-3563B84BC25A}.RelWithDebInfo|x64.Build.0 = RelWithDebInfo|x64
		{F9AE002C-1233-3635-9090-28202F3DDCC3}.Debug|x64.ActiveCfg = Debug|x64
		{F9AE002C-1233-3635-9090-28202F3DDCC3}.Debug|x64.Build.0 = Debug|x64
		{F9AE002C-1233-3635-9090-28202F3DDCC3}.Release|x64.ActiveCfg = Release|x64
		{F9AE002C-1233-3635-9090-28202F3DDCC3}.Release|x64.Build.0 = Release|x64
		{F9AE002C-1233-3635-9090-28202F3DDCC3}.MinSizeRel|x64.ActiveCfg = MinSizeRel|x64
		{F9AE002C-1233-3635-9090-28202F3DDCC3}.MinSizeRel|x64.Build.0 = MinSizeRel|x64
		{F9AE002C-1233-3635-9090-28202F3DDCC3}.RelWithDebInfo|x64.ActiveCfg = RelWithDebInfo|x64
		{F9AE002C-1233-3635-9090-28202F3DDCC3}.RelWithDebInfo|x64.Build.0 = RelWithDebInfo|x64
		{4CA9C728-C92E-3AB7-9C5B-E7003A2353B1}.Debug|x64.ActiveCfg = Debug|x64
		{4CA9C728-C92E-3AB7-9C5B-E7003A2353B1}.Debug|x64.Build.0 = Debug|x64
		{4CA9C728-C92E-3AB7-9C5B-E7003A2353B1}.Release|x64.ActiveCfg = Release|x64
		{4CA9C728-C92E-3AB7-9C5B-E7003A2353B1}.Release|x64.Build.0 = Release|x64
		{4CA9C728-C92E-3AB7-9C5B-E7003A2353B1}.MinSizeRel|x64.ActiveCfg = MinSizeRel|x64
		{4CA9C728-C92E-3AB7-9C5B-E7003A2353B1}.MinSizeRel|x64.Build.0 = MinSizeRel|x64
		{4CA9C728-C92E-3AB7-9C5B-E7003A2353B1}.RelWithDebInfo|x64.ActiveCfg = RelWithDebInfo|x64
		{4CA9C728-C92E-3AB7-9C5B-E7003A2353B1}.RelWithDebInfo|x64.Build.0 = RelWithDebInfo|x64
		{26761E3B-1C31-3A41-A903-D1CD50829C36}.Debug|x64.ActiveCfg = Debug|x64
		{26761E3B-1C31-3A41-A903-D1CD50829C36}.Debug|x64.Build.0 = Debug|x64
		{26761E3B-1C31-3A41-A903-D1CD50829C36}.Release|x64.ActiveCfg = Release|x64
		{26761E3B-1C31-3A41-A903-D1CD50829C36}.Release|x64.Build.0 = Release|x64
		{26761E3B-1C31-3A41-A903-D1CD50829C36}.MinSizeRel|x64.ActiveCfg = MinSizeRel|x64
		{26761E3B-1C31-3A41-A903-D1CD50829C36}.MinSizeRel|x64.Build.0 = MinSizeRel|x64
		{26761E3B-1C31-3A41-A903-D1CD50829C36}.RelWithDebInfo|x64.ActiveCfg = RelWithDebInfo|x64
		{26761E3B-1C31-3A41-A903-D1CD50829C36}.RelWithDebInfo|x64.Build.0 = RelWithDebInfo|x64
		{293C9143-94A4-3773-879C-45C2F1E7D970}.Debug|x64.ActiveCfg = Debug|x64
		{293C9143-94A4-3773-879C-45C2F1E7D970}.Release|x64.ActiveCfg = Release|x64
		{293C9143-94A4-3773-879C-45C2F1E7D970}.MinSizeRel|x64.ActiveCfg = MinSizeRel|x64
		{293C9143-94A4-3773-879C-45C2F1E7D970}.RelWithDebInfo|x64.ActiveCfg = RelWithDebInfo|x64
		{457C78B5-6BED-3DC2-B3B6-A21277BDCC56}.Debug|x64.ActiveCfg = Debug|x64
		{457C78B5-6BED-3DC2-B3B6-A21277BDCC56}.Release|x64.ActiveCfg = Release|x64
		{457C78B5-6BED-3DC2-B3B6-A21277BDCC56}.MinSizeRel|x64.ActiveCfg = MinSizeRel|x64
		{457C78B5-6BED-3DC2-B3B6-A21277BDCC56}.RelWithDebInfo|x64.ActiveCfg = RelWithDebInfo|x64
	EndGlobalSection
	GlobalSection(ExtensibilityGlobals) = postSolution
		SolutionGuid = {13907893-D907-354E-A2A3-2D0D0F193C14}
	EndGlobalSection
	GlobalSection(ExtensibilityAddIns) = postSolution
	EndGlobalSection
EndGlobal
